
Microsoft Visual Studio Solution File, Format Version 12.00
# Visual Studio Version 16
VisualStudioVersion = 16.0.30523.141
MinimumVisualStudioVersion = 10.0.40219.1
Project("{9A19103F-16F7-4668-BE54-9A1E7A4F7556}") = "Snake", "Snake\Snake.csproj", "{6A4F1BC6-17AF-4C36-9FE0-5DA205049FBB}"
EndProject
Global
	GlobalSection(SolutionConfigurationPlatforms) = preSolution
		Debug|Any CPU = Debug|Any CPU
		Release|Any CPU = Release|Any CPU
	EndGlobalSection
	GlobalSection(ProjectConfigurationPlatforms) = postSolution
		{6A4F1BC6-17AF-4C36-9FE0-5DA205049FBB}.Debug|Any CPU.ActiveCfg = Debug|Any CPU
		{6A4F1BC6-17AF-4C36-9FE0-5DA205049FBB}.Debug|Any CPU.Build.0 = Debug|Any CPU
		{6A4F1BC6-17AF-4C36-9FE0-5DA205049FBB}.Release|Any CPU.ActiveCfg = Release|Any CPU
		{6A4F1BC6-17AF-4C36-9FE0-5DA205049FBB}.Release|Any CPU.Build.0 = Release|Any CPU
	EndGlobalSection
	GlobalSection(SolutionProperties) = preSolution
		HideSolutionNode = FALSE
	EndGlobalSection
	GlobalSection(ExtensibilityGlobals) = postSolution
		SolutionGuid = {56B9D095-4C0B-47D9-87C7-E8217FD4555B}
	EndGlobalSection
EndGlobal
